version = 1
requires-python = ">=3.12"

[[package]]
name = "anyio"
version = "4.7.0"
source = { registry = "https://pypi.org/simple" }
dependencies = [
    { name = "idna" },
    { name = "sniffio" },
    { name = "typing-extensions", marker = "python_full_version < '3.13'" },
]
sdist = { url = "https://files.pythonhosted.org/packages/f6/40/318e58f669b1a9e00f5c4453910682e2d9dd594334539c7b7817dabb765f/anyio-4.7.0.tar.gz", hash = "sha256:2f834749c602966b7d456a7567cafcb309f96482b5081d14ac93ccd457f9dd48", size = 177076 }
wheels = [
    { url = "https://files.pythonhosted.org/packages/a0/7a/4daaf3b6c08ad7ceffea4634ec206faeff697526421c20f07628c7372156/anyio-4.7.0-py3-none-any.whl", hash = "sha256:ea60c3723ab42ba6fff7e8ccb0488c898ec538ff4df1f1d5e642c3601d07e352", size = 93052 },
]

[[package]]
name = "atproto-client"
version = "0.1.0"
source = { virtual = "." }
dependencies = [
    { name = "httpx" },
    { name = "libipld" },
]

[package.metadata]
requires-dist = [
    { name = "httpx", specifier = ">=0.28.1" },
    { name = "libipld", specifier = ">=3.0.0" },
]

[[package]]
name = "certifi"
version = "2024.8.30"
source = { registry = "https://pypi.org/simple" }
sdist = { url = "https://files.pythonhosted.org/packages/b0/ee/9b19140fe824b367c04c5e1b369942dd754c4c5462d5674002f75c4dedc1/certifi-2024.8.30.tar.gz", hash = "sha256:bec941d2aa8195e248a60b31ff9f0558284cf01a52591ceda73ea9afffd69fd9", size = 168507 }
wheels = [
    { url = "https://files.pythonhosted.org/packages/12/90/3c9ff0512038035f59d279fddeb79f5f1eccd8859f06d6163c58798b9487/certifi-2024.8.30-py3-none-any.whl", hash = "sha256:922820b53db7a7257ffbda3f597266d435245903d80737e34f8a45ff3e3230d8", size = 167321 },
]

[[package]]
name = "h11"
version = "0.14.0"
source = { registry = "https://pypi.org/simple" }
sdist = { url = "https://files.pythonhosted.org/packages/f5/38/3af3d3633a34a3316095b39c8e8fb4853a28a536e55d347bd8d8e9a14b03/h11-0.14.0.tar.gz", hash = "sha256:8f19fbbe99e72420ff35c00b27a34cb9937e902a8b810e2c88300c6f0a3b699d", size = 100418 }
wheels = [
    { url = "https://files.pythonhosted.org/packages/95/04/ff642e65ad6b90db43e668d70ffb6736436c7ce41fcc549f4e9472234127/h11-0.14.0-py3-none-any.whl", hash = "sha256:e3fe4ac4b851c468cc8363d500db52c2ead036020723024a109d37346efaa761", size = 58259 },
]

[[package]]
name = "httpcore"
version = "1.0.7"
source = { registry = "https://pypi.org/simple" }
dependencies = [
    { name = "certifi" },
    { name = "h11" },
]
sdist = { url = "https://files.pythonhosted.org/packages/6a/41/d7d0a89eb493922c37d343b607bc1b5da7f5be7e383740b4753ad8943e90/httpcore-1.0.7.tar.gz", hash = "sha256:8551cb62a169ec7162ac7be8d4817d561f60e08eaa485234898414bb5a8a0b4c", size = 85196 }
wheels = [
    { url = "https://files.pythonhosted.org/packages/87/f5/72347bc88306acb359581ac4d52f23c0ef445b57157adedb9aee0cd689d2/httpcore-1.0.7-py3-none-any.whl", hash = "sha256:a3fff8f43dc260d5bd363d9f9cf1830fa3a458b332856f34282de498ed420edd", size = 78551 },
]

[[package]]
name = "httpx"
version = "0.28.1"
source = { registry = "https://pypi.org/simple" }
dependencies = [
    { name = "anyio" },
    { name = "certifi" },
    { name = "httpcore" },
    { name = "idna" },
]
sdist = { url = "https://files.pythonhosted.org/packages/b1/df/48c586a5fe32a0f01324ee087459e112ebb7224f646c0b5023f5e79e9956/httpx-0.28.1.tar.gz", hash = "sha256:75e98c5f16b0f35b567856f597f06ff2270a374470a5c2392242528e3e3e42fc", size = 141406 }
wheels = [
    { url = "https://files.pythonhosted.org/packages/2a/39/e50c7c3a983047577ee07d2a9e53faf5a69493943ec3f6a384bdc792deb2/httpx-0.28.1-py3-none-any.whl", hash = "sha256:d909fcccc110f8c7faf814ca82a9a4d816bc5a6dbfea25d6591d6985b8ba59ad", size = 73517 },
]

[[package]]
name = "idna"
version = "3.10"
source = { registry = "https://pypi.org/simple" }
sdist = { url = "https://files.pythonhosted.org/packages/f1/70/7703c29685631f5a7590aa73f1f1d3fa9a380e654b86af429e0934a32f7d/idna-3.10.tar.gz", hash = "sha256:12f65c9b470abda6dc35cf8e63cc574b1c52b11df2c86030af0ac09b01b13ea9", size = 190490 }
wheels = [
    { url = "https://files.pythonhosted.org/packages/76/c6/c88e154df9c4e1a2a66ccf0005a88dfb2650c1dffb6f5ce603dfbd452ce3/idna-3.10-py3-none-any.whl", hash = "sha256:946d195a0d259cbba61165e88e65941f16e9b36ea6ddb97f00452bae8b1287d3", size = 70442 },
]

[[package]]
name = "libipld"
version = "3.0.0"
source = { registry = "https://pypi.org/simple" }
sdist = { url = "https://files.pythonhosted.org/packages/7c/19/ed20af9e7807c5648ad9db97bf638da4a4face0538af7ae697bc2513407d/libipld-3.0.0.tar.gz", hash = "sha256:c532323efb36e63df8005f075afe01d726aa170999ee0cf0738553f8e75aaad5", size = 4325828 }
wheels = [
    { url = "https://files.pythonhosted.org/packages/a9/f6/93ae7ba40bb437ac6a1dcc1e869e20c4117ca6c34ecc13a5d65b41d01629/libipld-3.0.0-cp312-cp312-macosx_10_12_x86_64.whl", hash = "sha256:c8eaf541962efae3dc5897500c022475d83ca819309283a2261d2fe7f6688698", size = 320772 },
    { url = "https://files.pythonhosted.org/packages/1e/39/c72197d83032cd9f50d0fdda7f86942f17c9b38b8e3e5b70659baf9dd7b1/libipld-3.0.0-cp312-cp312-macosx_11_0_arm64.whl", hash = "sha256:d3cd050d93da3760abaf03adfdf40adca75ae42b02b8fa25d5d1e12e922ecd91", size = 290139 },
    { url = "https://files.pythonhosted.org/packages/71/c8/35d66d53415fe47a79123584fd087a1e29466a3f55de06e8bd30f6669820/libipld-3.0.0-cp312-cp312-manylinux_2_17_aarch64.manylinux2014_aarch64.whl", hash = "sha256:c3813cc177559e4c59bdd2faae9d4bcacef8ee4e3db618ad592b67627925a525", size = 666306 },
    { url = "https://files.pythonhosted.org/packages/c2/f4/1904e75c7a3d754cf8917002cb7a46770e33119ca9b2dc37039faeb56ed1/libipld-3.0.0-cp312-cp312-manylinux_2_17_armv7l.manylinux2014_armv7l.whl", hash = "sha256:0ae8167a4bb3f8b3adb36e364477796ced1ef843fb066ddccb520f51ce285d9d", size = 673601 },
    { url = "https://files.pythonhosted.org/packages/ee/53/f603537904e52ef4e3633a6505c9d08a0b2e9693b7a89af49a9496cae3d1/libipld-3.0.0-cp312-cp312-manylinux_2_17_ppc64le.manylinux2014_ppc64le.whl", hash = "sha256:f7757933386e7650bc9e7ae5ce13d7707655e7c1d0741fb1b0768586ff8832d8", size = 674117 },
    { url = "https://files.pythonhosted.org/packages/f0/07/e2a424a1d111c9fac800154f6d2b9922703955e0c1a0c1e74165b6740a71/libipld-3.0.0-cp312-cp312-manylinux_2_17_s390x.manylinux2014_s390x.whl", hash = "sha256:11ea6bccf67773e9cd0cedd2b6040e107664f697ad3a63b1e8e40c5f2b006aa4", size = 829791 },
    { url = "https://files.pythonhosted.org/packages/cf/57/cc5288ef8fd09f74b2dd5f61f3ee7b1cf4f86c9781b18e714cc516586796/libipld-3.0.0-cp312-cp312-manylinux_2_17_x86_64.manylinux2014_x86_64.whl", hash = "sha256:3b68624365600dca3519563e997f303bbada3284a9c3b160b2199c6650c440f9", size = 672552 },
    { url = "https://files.pythonhosted.org/packages/3a/62/1b5558dc7b8e35946b2869df54c5610a9898a2d6b4eb467d67b91dc219ef/libipld-3.0.0-cp312-cp312-manylinux_2_5_i686.manylinux1_i686.whl", hash = "sha256:6f56287fea416f813e2e69ab569e23fcb91b0b91a616132bfc83a9935cf10898", size = 679945 },
    { url = "https://files.pythonhosted.org/packages/f4/93/945adbc39ac684fc1a352a50a07b08d11f6ac18756daa1efe8f0a63cefc2/libipld-3.0.0-cp312-cp312-musllinux_1_1_aarch64.whl", hash = "sha256:2d4294f536cd2bbb2f5a793e1a344c6de5f538ddb93e288ba5a7cb632d996648", size = 839742 },
    { url = "https://files.pythonhosted.org/packages/b4/42/7623234c5d21c18735c5533da4397730ff4629a2516e852a7453346a4c40/libipld-3.0.0-cp312-cp312-musllinux_1_1_x86_64.whl", hash = "sha256:e942a0ad90414cdb28e8753123700b836082ce33f2e5e5c75aa46f2ec29ded3c", size = 836192 },
    { url = "https://files.pythonhosted.org/packages/4c/f3/44ceb85902c975326684a3f555f3130aa9b0795058779adccd916f581cad/libipld-3.0.0-cp312-none-win32.whl", hash = "sha256:9a6e06bb053836c66880943fa01e3f5fbc339da186b4ce1f9eb9ee6136ad02f4", size = 176103 },
    { url = "https://files.pythonhosted.org/packages/78/b6/fea8f48a70bf7e7f03ce1149d29d67adcf3d55d5a7cee9fd729de9f8f15f/libipld-3.0.0-cp312-none-win_amd64.whl", hash = "sha256:d7994b8983a8916e913a8d6957184172e6cb9099837e4889e0a909cf6cf96ae9", size = 192170 },
    { url = "https://files.pythonhosted.org/packages/80/78/6e5dccfc8dfde3c61c4c88c6d577e35e12e2610620713b50169154d0a5e8/libipld-3.0.0-cp312-none-win_arm64.whl", hash = "sha256:a3cca281854733ddca379d92aeb5bf363ff7eac5c7c9b86eb97370237a7cac97", size = 170429 },
    { url = "https://files.pythonhosted.org/packages/0e/bc/8a5cc06ed11ec1fbebc7c872c0837611b678a058c89955a26ce7acda82ec/libipld-3.0.0-cp313-cp313-macosx_10_12_x86_64.whl", hash = "sha256:ebaea71774a73149b76fa2f80985d42185e365631a9d18b9e2310d98ebe6497f", size = 320720 },
    { url = "https://files.pythonhosted.org/packages/88/5e/3018004521333538133f09d142f6b2b5b32d3fa26c586b9127d0e81e9976/libipld-3.0.0-cp313-cp313-macosx_11_0_arm64.whl", hash = "sha256:d8a929cdf9a3360ab1947df9d3fce5850e99da46040461d59cb332febfffcd02", size = 290708 },
    { url = "https://files.pythonhosted.org/packages/bf/97/2098241af651b49a6572c86a9c166086ef538387888a003b7fa7b3388f70/libipld-3.0.0-cp313-cp313-manylinux_2_17_aarch64.manylinux2014_aarch64.whl", hash = "sha256:b78802134aebed6920ae8dae2ce6601727cc0e854378db17e295afc6856244e1", size = 666350 },
    { url = "https://files.pythonhosted.org/packages/ea/83/1ed9084caabfae2e13c4c3d85586689437aaebd9dcb2707b2e86b2203f11/libipld-3.0.0-cp313-cp313-manylinux_2_17_armv7l.manylinux2014_armv7l.whl", hash = "sha256:da07ab694405b24ae0e1eaede0853a31e92b56cd8f2fb3294224e0f74dceacbc", size = 673730 },
    { url = "https://files.pythonhosted.org/packages/40/43/e2588ce845ccf8251278bf93980f159e9ee9ee5f1d0ee818e0a378d25ba5/libipld-3.0.0-cp313-cp313-manylinux_2_17_ppc64le.manylinux2014_ppc64le.whl", hash = "sha256:b9d65a06ff58688f46ea12a3d57a0dbca2f7116724594e3ac2ea849287a5fb26", size = 674107 },
    { url = "https://files.pythonhosted.org/packages/83/9d/55f90bd7926ce2a6fc64a16b35216c40ec924480987b002bb351f18aacdb/libipld-3.0.0-cp313-cp313-manylinux_2_17_s390x.manylinux2014_s390x.whl", hash = "sha256:fb77cbc92553815cc89a00f9a8776d9ab8b715f64adb87596ec251c3c6922df7", size = 829676 },
    { url = "https://files.pythonhosted.org/packages/3f/0a/a8d754873688cf5a0300f5bc272da65ed8460b80afce2ed829e00dfb8747/libipld-3.0.0-cp313-cp313-manylinux_2_17_x86_64.manylinux2014_x86_64.whl", hash = "sha256:3292ba5a1a3297f84d8d17aca4d29985093ec49ff1ccd2958d00265f6a84670a", size = 672597 },
    { url = "https://files.pythonhosted.org/packages/c9/7f/365d72933c15214635af7a89a30a1e83a79b5cdf10d926ac283c1c1163b8/libipld-3.0.0-cp313-cp313-manylinux_2_5_i686.manylinux1_i686.whl", hash = "sha256:d915ca0fbd7f9d5ca3404301197b6809d62dfd943fd8296e506a6e62e2b39e00", size = 679787 },
    { url = "https://files.pythonhosted.org/packages/57/85/e85526e90f0e2117a33cc23f08cdae61ad42efc88e054245ec81005e2b9d/libipld-3.0.0-cp313-cp313-musllinux_1_1_aarch64.whl", hash = "sha256:203852fa7db6eba659bcc10dc313b7454b709d54af895c714f4e2b59ca0be74d", size = 839905 },
    { url = "https://files.pythonhosted.org/packages/35/36/57f588b93e36362166a88e61f905e3f6575f901752c348809bc3cd8e4792/libipld-3.0.0-cp313-cp313-musllinux_1_1_x86_64.whl", hash = "sha256:16ac1baf12c37adcd506fc6ec7aadf4495aeb8bdbd744d09c1e2629d791cec30", size = 836190 },
    { url = "https://files.pythonhosted.org/packages/34/10/c65f7a4ca38e4d1fd5537e689901c6cae6f1eeb49c0f8ecabbf991c48135/libipld-3.0.0-cp313-none-win32.whl", hash = "sha256:fed7d4f10a5ba37f069453e834429cdf4fb04d789cfc38a696ca069f9e401f5f", size = 176269 },
    { url = "https://files.pythonhosted.org/packages/ad/a3/199772db97f0ba8e7e7c8356bccd683537ce4fa628891f3e77648bbd92c5/libipld-3.0.0-cp313-none-win_amd64.whl", hash = "sha256:48fbff37e6f3378e45117de45f42332273bff29b227744ef6268c3406dd70bac", size = 193657 },
    { url = "https://files.pythonhosted.org/packages/60/0d/30235424a2ddbe8bf47060a422792b38d6e5479133d125a4e0cd76541911/libipld-3.0.0-cp313-none-win_arm64.whl", hash = "sha256:79d5d38dcc93de6157ced37d47fec0a8ce03edd53de52623c7d315063306eba3", size = 170574 },
]

[[package]]
name = "sniffio"
version = "1.3.1"
source = { registry = "https://pypi.org/simple" }
sdist = { url = "https://files.pythonhosted.org/packages/a2/87/a6771e1546d97e7e041b6ae58d80074f81b7d5121207425c964ddf5cfdbd/sniffio-1.3.1.tar.gz", hash = "sha256:f4324edc670a0f49750a81b895f35c3adb843cca46f0530f79fc1babb23789dc", size = 20372 }
wheels = [
    { url = "https://files.pythonhosted.org/packages/e9/44/75a9c9421471a6c4805dbf2356f7c181a29c1879239abab1ea2cc8f38b40/sniffio-1.3.1-py3-none-any.whl", hash = "sha256:2f6da418d1f1e0fddd844478f41680e794e6051915791a034ff65e5f100525a2", size = 10235 },
]

[[package]]
name = "typing-extensions"
version = "4.12.2"
source = { registry = "https://pypi.org/simple" }
sdist = { url = "https://files.pythonhosted.org/packages/df/db/f35a00659bc03fec321ba8bce9420de607a1d37f8342eee1863174c69557/typing_extensions-4.12.2.tar.gz", hash = "sha256:1a7ead55c7e559dd4dee8856e3a88b41225abfe1ce8df57b7c13915fe121ffb8", size = 85321 }
wheels = [
    { url = "https://files.pythonhosted.org/packages/26/9f/ad63fc0248c5379346306f8668cda6e2e2e9c95e01216d2b8ffd9ff037d0/typing_extensions-4.12.2-py3-none-any.whl", hash = "sha256:04e5ca0351e0f3f85c6853954072df659d0d13fac324d0072316b67d7794700d", size = 37438 },
]
